# THIS IS AN AUTOGENERATED FILE. DO NOT EDIT THIS FILE DIRECTLY.
# yarn lockfile v1


"@pixi/accessibility@5.3.10":
  version "5.3.10"
  resolved "https://registry.yarnpkg.com/@pixi/accessibility/-/accessibility-5.3.10.tgz#6ff45c1a362f7a850a5a17b3d532d44bbcbb2e08"
  integrity sha512-DPdeC1Wrnd/0yne9BMlD2HjWfBcrbA4Ho+UUibwFAm3FZJin+OSWzlyaQ26kodj6sPbNTS7SIAGTh65bem9vow==
  dependencies:
    "@pixi/core" "5.3.10"
    "@pixi/display" "5.3.10"
    "@pixi/utils" "5.3.10"

"@pixi/app@5.3.10":
  version "5.3.10"
  resolved "https://registry.yarnpkg.com/@pixi/app/-/app-5.3.10.tgz#366d390c917fb89ffac308663ab8f811b21fb6aa"
  integrity sha512-7RRVf6vcR5qqbXrncKp5efOXFRHe6zs8e7tRC2VlxbVpZdsfXOjUyM4qkGkYRgfWrXv04ezXGT9I28sJ+6mP8Q==
  dependencies:
    "@pixi/core" "5.3.10"
    "@pixi/display" "5.3.10"

"@pixi/constants@5.3.10":
  version "5.3.10"
  resolved "https://registry.yarnpkg.com/@pixi/constants/-/constants-5.3.10.tgz#f7699d65e5b6a1fdbfacaa2a4e628b4bfbbc5c16"
  integrity sha512-g89d8Twk4Uz62i92FPfMHlSyrxHy/uNp4qtw4IcQLlSi6jVESRalTlOMyUy2hVWjQf1uT7+j2IM9Vu33ZIxO/w==

"@pixi/core@5.3.10":
  version "5.3.10"
  resolved "https://registry.yarnpkg.com/@pixi/core/-/core-5.3.10.tgz#0d607bd708bd5c8d9a4e23b34a08c4fcaeb382c6"
  integrity sha512-cU2OUoAaMpFs00EfTBH9TbtIqUs5X7qEK32DXfKbSCp6BMKayBa3S4320VNtidFwpi8tKqkoMa4qy5zX7lxmIQ==
  dependencies:
    "@pixi/constants" "5.3.10"
    "@pixi/math" "5.3.10"
    "@pixi/runner" "5.3.10"
    "@pixi/settings" "5.3.10"
    "@pixi/ticker" "5.3.10"
    "@pixi/utils" "5.3.10"

"@pixi/display@5.3.10":
  version "5.3.10"
  resolved "https://registry.yarnpkg.com/@pixi/display/-/display-5.3.10.tgz#6b79e60c9ce5c6b89e48bf792ff74bf4a6f7efdb"
  integrity sha512-a1t4KXH4Wlp7GLHwZen5bkwMOYgUKv2rpup6mEWuDz457Z2+i3y5IMtExmvbGIXLDYbgpNV9YHpY4r0kh8wcxA==
  dependencies:
    "@pixi/math" "5.3.10"
    "@pixi/settings" "5.3.10"
    "@pixi/utils" "5.3.10"

"@pixi/extract@5.3.10":
  version "5.3.10"
  resolved "https://registry.yarnpkg.com/@pixi/extract/-/extract-5.3.10.tgz#1539606b2ea4f5727fc54ea7a71b39774d5617cd"
  integrity sha512-CJU50rxlzUD9xVXLDthhfn9h1jsphe4ikqxseYFzLI3bhw3O57Vf3QTbyemqo7RcR+/nfoe+BovOlHA9a6swsQ==
  dependencies:
    "@pixi/core" "5.3.10"
    "@pixi/math" "5.3.10"
    "@pixi/utils" "5.3.10"

"@pixi/filter-alpha@5.3.10":
  version "5.3.10"
  resolved "https://registry.yarnpkg.com/@pixi/filter-alpha/-/filter-alpha-5.3.10.tgz#dda43bd9e028e33b74d347e5d17cb6bf2148e303"
  integrity sha512-ZHJwFajmeHUqo0J6x50jA6NB57jHIaRRgE0/z/HgKKDgupGcnKGsbH5fzweFoaDvYiMqWHTE2BFSqBQ48KozNg==
  dependencies:
    "@pixi/core" "5.3.10"

"@pixi/filter-blur@5.3.10":
  version "5.3.10"
  resolved "https://registry.yarnpkg.com/@pixi/filter-blur/-/filter-blur-5.3.10.tgz#b0779f316694a8d109633ab8b1b6cec96738f436"
  integrity sha512-rzW2Q0a79+BjyYX9H2vz+fG3dSR5fRC5Gc7KuNdaNvXpAT7YNGAvwYV2fqFTa2cPIS1nNqSEQyMOUrc8Z3N4Hw==
  dependencies:
    "@pixi/core" "5.3.10"
    "@pixi/settings" "5.3.10"

"@pixi/filter-color-matrix@5.3.10":
  version "5.3.10"
  resolved "https://registry.yarnpkg.com/@pixi/filter-color-matrix/-/filter-color-matrix-5.3.10.tgz#47697061e505903a1082fca8e96c228517d34938"
  integrity sha512-ZjyAKfOmOq7rfLZRhWXR5SaMba7svoKSZFcbPfC3lXmiYijwtVtzXLwrofJ/Qkz5qrOedtD/VbuMVBDj/SHybA==
  dependencies:
    "@pixi/core" "5.3.10"

"@pixi/filter-displacement@5.3.10":
  version "5.3.10"
  resolved "https://registry.yarnpkg.com/@pixi/filter-displacement/-/filter-displacement-5.3.10.tgz#dd1e8d9303dda727ab963c404a5970e1fc3ed624"
  integrity sha512-FomBavESApTi8Zhpb4JP5MHoCxRKTc0vN9E9rFNcYpKH0UVQwGhrXEFlg4w6SF3Ur+xhPYgQVi8D4njkPbzUEA==
  dependencies:
    "@pixi/core" "5.3.10"
    "@pixi/math" "5.3.10"

"@pixi/filter-fxaa@5.3.10":
  version "5.3.10"
  resolved "https://registry.yarnpkg.com/@pixi/filter-fxaa/-/filter-fxaa-5.3.10.tgz#4f1eed4fa81dea6b36610677d1e85e7fcf1d0371"
  integrity sha512-l6S+kjb1tKnwykhNM8LaPHRLIedd0xkACYB6XAcdICq6Kz3IrVTDtYa613h3dqFJoJs+EnsNpmTsQzXi+mw2sg==
  dependencies:
    "@pixi/core" "5.3.10"

"@pixi/filter-noise@5.3.10":
  version "5.3.10"
  resolved "https://registry.yarnpkg.com/@pixi/filter-noise/-/filter-noise-5.3.10.tgz#e981bc824b36e2f803e2b61a9bd3138f18e4f11e"
  integrity sha512-egan5kXaaN4gMVZJd41RPW/UMFMOg2gSBzJSi4yIuMhHk+n6AHYgAmBoLIAiorRrmx3sPwa+x6IDDIhkhzrC4w==
  dependencies:
    "@pixi/core" "5.3.10"

"@pixi/graphics@5.3.10":
  version "5.3.10"
  resolved "https://registry.yarnpkg.com/@pixi/graphics/-/graphics-5.3.10.tgz#6c7bacd1893729cc2ae38b415c6be90bb8005ef0"
  integrity sha512-aqJXc6He1Tyg4Dh+DwEqHud9GjZDk0/rMKccNUhln2CCYYu58/uX863CttzZQ9gHYcqPsNPaE41AtH95KnKT1w==
  dependencies:
    "@pixi/constants" "5.3.10"
    "@pixi/core" "5.3.10"
    "@pixi/display" "5.3.10"
    "@pixi/math" "5.3.10"
    "@pixi/sprite" "5.3.10"
    "@pixi/utils" "5.3.10"

"@pixi/interaction@5.3.10":
  version "5.3.10"
  resolved "https://registry.yarnpkg.com/@pixi/interaction/-/interaction-5.3.10.tgz#8c15cad3862bfaf87311d42b414b7f39f6352886"
  integrity sha512-KgScDisaRzBbvdgbdbMmx2y+87XsHv9cI9xOTlSxCLMl0MZwJT8FIRpsohtyVJJvBJhnWrpYuZzeBNqJwdcIEg==
  dependencies:
    "@pixi/core" "5.3.10"
    "@pixi/display" "5.3.10"
    "@pixi/math" "5.3.10"
    "@pixi/ticker" "5.3.10"
    "@pixi/utils" "5.3.10"

"@pixi/loaders@5.3.10":
  version "5.3.10"
  resolved "https://registry.yarnpkg.com/@pixi/loaders/-/loaders-5.3.10.tgz#0a0b8a9c19f0f1c80001ac9ecab4150fb3731d7a"
  integrity sha512-jaVHk1osJeMs8piRnnzf/rgMizNnOQKOEKzluI+2jfye/3Kuht+feJ+LX/Gx0HmQZ3vsmqaLL6NChZ8+oYGO+Q==
  dependencies:
    "@pixi/core" "5.3.10"
    "@pixi/utils" "5.3.10"
    resource-loader "^3.0.1"

"@pixi/math@5.3.10":
  version "5.3.10"
  resolved "https://registry.yarnpkg.com/@pixi/math/-/math-5.3.10.tgz#76c7296300de831cf2ab68f73f17828b7d98cda8"
  integrity sha512-t96px9xohUnRnCZ7DoFOdPG9C0OhSNAmiOK4s1DLJfoNjY+0J/2gKgUDNpUA9z3OhNJ7/APGUuie6KKyrYixoQ==

"@pixi/mesh-extras@5.3.10":
  version "5.3.10"
  resolved "https://registry.yarnpkg.com/@pixi/mesh-extras/-/mesh-extras-5.3.10.tgz#f2ce0ab87778ecf4f869907f1977441a94ffb1dd"
  integrity sha512-mAXpjKLAaTXBYLK3SBlYjjVyA/X/Ia+AbgAhisfYRvWH0JLEYbNqEIvwAAKSzQUbjjsHps9SXYhdHw0Afc2a3w==
  dependencies:
    "@pixi/constants" "5.3.10"
    "@pixi/core" "5.3.10"
    "@pixi/math" "5.3.10"
    "@pixi/mesh" "5.3.10"
    "@pixi/utils" "5.3.10"

"@pixi/mesh@5.3.10":
  version "5.3.10"
  resolved "https://registry.yarnpkg.com/@pixi/mesh/-/mesh-5.3.10.tgz#c91325755e8e5dad45a42474a6ab30a00b3d3bae"
  integrity sha512-1HLOlJeTcIrlfBofXauuklBTjuSlEqezRPz3bN6zObm6PJGk5CJ9ePm40V6aug60LvqhNm+DlIZvs0l0yiV9HA==
  dependencies:
    "@pixi/constants" "5.3.10"
    "@pixi/core" "5.3.10"
    "@pixi/display" "5.3.10"
    "@pixi/math" "5.3.10"
    "@pixi/settings" "5.3.10"
    "@pixi/utils" "5.3.10"

"@pixi/mixin-cache-as-bitmap@5.3.10":
  version "5.3.10"
  resolved "https://registry.yarnpkg.com/@pixi/mixin-cache-as-bitmap/-/mixin-cache-as-bitmap-5.3.10.tgz#d4b91fb10de2c22b672b103d91b5c17da7557273"
  integrity sha512-PzKihO1hUPf3mfbn0wE4DSgzeUhyLuvWbogHPg5zDTd4dqtIEN4aPmB7kEb48x6hZuZqaJzfrJkwhr4SJqvO6w==
  dependencies:
    "@pixi/core" "5.3.10"
    "@pixi/display" "5.3.10"
    "@pixi/math" "5.3.10"
    "@pixi/settings" "5.3.10"
    "@pixi/sprite" "5.3.10"
    "@pixi/utils" "5.3.10"

"@pixi/mixin-get-child-by-name@5.3.10":
  version "5.3.10"
  resolved "https://registry.yarnpkg.com/@pixi/mixin-get-child-by-name/-/mixin-get-child-by-name-5.3.10.tgz#257ce864ae619f4fbee1b8ec878179cea9070f89"
  integrity sha512-Q5xv1vtbiv+4ZVhd+cWI/K/tWnQy7Pe/y8JYXJx8xc27jzWUrwJkwnVFJYrhcXXndu1Z1pfuC/NeRAcqskxztQ==
  dependencies:
    "@pixi/display" "5.3.10"

"@pixi/mixin-get-global-position@5.3.10":
  version "5.3.10"
  resolved "https://registry.yarnpkg.com/@pixi/mixin-get-global-position/-/mixin-get-global-position-5.3.10.tgz#a709cf8223e26d64745214cc63ea4628c056fc36"
  integrity sha512-GJIaN3Ic8m/9zzS/b7c1ygPxQ1U/ApoHD8ArZWMU5REizVdGxSGdCe+PrT8+wfyqvS4GGAVnfQR4tInanQ1zJQ==
  dependencies:
    "@pixi/display" "5.3.10"
    "@pixi/math" "5.3.10"

"@pixi/particles@5.3.10":
  version "5.3.10"
  resolved "https://registry.yarnpkg.com/@pixi/particles/-/particles-5.3.10.tgz#510b7999ef1e1e23585522f81c02833d34dcb4de"
  integrity sha512-dig0EI0KMyLExgK79zPg/iCriEQC61aQLvhqoutjCKTTpzemk6Zbigw0aR6vnGRnobUPwlUeESrP+KMT9XicRw==
  dependencies:
    "@pixi/constants" "5.3.10"
    "@pixi/core" "5.3.10"
    "@pixi/display" "5.3.10"
    "@pixi/math" "5.3.10"
    "@pixi/utils" "5.3.10"

"@pixi/polyfill@5.3.10":
  version "5.3.10"
  resolved "https://registry.yarnpkg.com/@pixi/polyfill/-/polyfill-5.3.10.tgz#41d8b24143f048e36392f5d6f07ceab2ee1c2856"
  integrity sha512-hUouzYxaqo6AA3dM7lrfGxUf0Y0IhvjVNPT7/DaYBnlJat3Lo/IPY3xkxuAn2NSuYC5pbqFMGkZelxWkgksmCw==
  dependencies:
    es6-promise-polyfill "^1.2.0"
    object-assign "^4.1.1"

"@pixi/prepare@5.3.10":
  version "5.3.10"
  resolved "https://registry.yarnpkg.com/@pixi/prepare/-/prepare-5.3.10.tgz#046774c6b9f5a80d006740a62993e874e64ef9ae"
  integrity sha512-BDIuv2JjCaUuKSIEDReHtcSAyisM7pEpELnW9YcLi2ARNUE67vBhDdrC+KemQUHQi7Mf0NgOVb7PhOEJbt3oXQ==
  dependencies:
    "@pixi/core" "5.3.10"
    "@pixi/display" "5.3.10"
    "@pixi/graphics" "5.3.10"
    "@pixi/settings" "5.3.10"
    "@pixi/text" "5.3.10"
    "@pixi/ticker" "5.3.10"

"@pixi/runner@5.3.10":
  version "5.3.10"
  resolved "https://registry.yarnpkg.com/@pixi/runner/-/runner-5.3.10.tgz#6a99180511e8a32792e1661e89820c58cd5739ee"
  integrity sha512-MKqoBlMaupsRUQNIgLGTFb7yjEI62+YAU0wvVxuPlHXXjUprRwCslhKdqivrmLR3mdaHtVH6WtbW0nXBr8ELaw==

"@pixi/settings@5.3.10":
  version "5.3.10"
  resolved "https://registry.yarnpkg.com/@pixi/settings/-/settings-5.3.10.tgz#08c71f0b24acbb0a433bd42286be3702b159a419"
  integrity sha512-LFKgWKVWO/z/4OME6PTCx53kxzGNohOwt+hfcGGvWjKx7+CqzQhcXUJT20j6BTn+qpv96okXduwmBsVDJnPtCQ==
  dependencies:
    ismobilejs "^1.1.0"

"@pixi/sprite-animated@5.3.10":
  version "5.3.10"
  resolved "https://registry.yarnpkg.com/@pixi/sprite-animated/-/sprite-animated-5.3.10.tgz#d9ab2e5ca960cce72daae9d7ad8ab75d663d2e06"
  integrity sha512-JRbm4hDSzprcDHXAmkCq4HPPodli+skXczenilBJsXYyDSgRI8HGBYVTBYU1rr3qb9TUIaBLvo/xQg9iBtvIRQ==
  dependencies:
    "@pixi/core" "5.3.10"
    "@pixi/sprite" "5.3.10"
    "@pixi/ticker" "5.3.10"

"@pixi/sprite-tiling@5.3.10":
  version "5.3.10"
  resolved "https://registry.yarnpkg.com/@pixi/sprite-tiling/-/sprite-tiling-5.3.10.tgz#c343bbe6605911f9d479dd101724c8c3cf24aef6"
  integrity sha512-JzUBspdhChHUQicm4VWcvyIjN2amjvRAO30FebdAI4Mu0/1T70ZkZG53CbF3ewENv0PkFXJmILXK0YQ7n9JCVg==
  dependencies:
    "@pixi/constants" "5.3.10"
    "@pixi/core" "5.3.10"
    "@pixi/display" "5.3.10"
    "@pixi/math" "5.3.10"
    "@pixi/sprite" "5.3.10"
    "@pixi/utils" "5.3.10"

"@pixi/sprite@5.3.10":
  version "5.3.10"
  resolved "https://registry.yarnpkg.com/@pixi/sprite/-/sprite-5.3.10.tgz#c31e442d3f29f79a497ed87911a0f42535afdf40"
  integrity sha512-PDIO0Bg1NQLHDN18NaRB0DnfL7OZH/Rw6KX1v/MuU0ThbI0Z82QteEE+VwdUyInSsTHUY4gSkcWjBvMxTjFI7g==
  dependencies:
    "@pixi/constants" "5.3.10"
    "@pixi/core" "5.3.10"
    "@pixi/display" "5.3.10"
    "@pixi/math" "5.3.10"
    "@pixi/settings" "5.3.10"
    "@pixi/utils" "5.3.10"

"@pixi/spritesheet@5.3.10":
  version "5.3.10"
  resolved "https://registry.yarnpkg.com/@pixi/spritesheet/-/spritesheet-5.3.10.tgz#900a8d4bd162ec0ad710e2a2d1b3495e025470ec"
  integrity sha512-Q3xHnQslBQQwUJ3v5trPm82lZ1zhOVPqDKkAoPBVVpbO4OXq1qe0t0ifsa153XYenITFnEmhim5t5463+pYl/g==
  dependencies:
    "@pixi/core" "5.3.10"
    "@pixi/loaders" "5.3.10"
    "@pixi/math" "5.3.10"
    "@pixi/utils" "5.3.10"

"@pixi/text-bitmap@5.3.10":
  version "5.3.10"
  resolved "https://registry.yarnpkg.com/@pixi/text-bitmap/-/text-bitmap-5.3.10.tgz#2ec15aaea3e801b8737dc0167cd868fa533dcfca"
  integrity sha512-1jRzkHnipyJW/7zvAQnRRaO5MLL7qDrVxi1UG4bnm0SqGfYMd6WpKTPwcjJBLCR15r8DrQjfX9rCHkFGmjPoLA==
  dependencies:
    "@pixi/core" "5.3.10"
    "@pixi/display" "5.3.10"
    "@pixi/loaders" "5.3.10"
    "@pixi/math" "5.3.10"
    "@pixi/mesh" "5.3.10"
    "@pixi/settings" "5.3.10"
    "@pixi/text" "5.3.10"
    "@pixi/utils" "5.3.10"

"@pixi/text@5.3.10":
  version "5.3.10"
  resolved "https://registry.yarnpkg.com/@pixi/text/-/text-5.3.10.tgz#b3286d1a84c7d58cb38cf2395ce37f6e9715ac0c"
  integrity sha512-IRo+/8Xi8SpuJ4x+GnMoe4Qh7b4WIj1HceSf+8+Nfyk4l0/CHgUZlAOKn3gkXS0Yv9189mCPTtLmjw0HthHttw==
  dependencies:
    "@pixi/core" "5.3.10"
    "@pixi/math" "5.3.10"
    "@pixi/settings" "5.3.10"
    "@pixi/sprite" "5.3.10"
    "@pixi/utils" "5.3.10"

"@pixi/ticker@5.3.10":
  version "5.3.10"
  resolved "https://registry.yarnpkg.com/@pixi/ticker/-/ticker-5.3.10.tgz#e3ca8bb3074333e6f3eba35159e3fc2f45baa641"
  integrity sha512-blrtXLhNcr6KTsPDhCbo4oExiwX1l0IS/R0HR6J7lSM7ZKsXMjWKyYIYG81kknJRCfOwo1aKzzf+O7A5l0ZvQw==
  dependencies:
    "@pixi/settings" "5.3.10"

"@pixi/utils@5.3.10":
  version "5.3.10"
  resolved "https://registry.yarnpkg.com/@pixi/utils/-/utils-5.3.10.tgz#f3d7ccf29538dcce0ffa07672f7bb81514eb4db9"
  integrity sha512-iiuDtX8yTYtH6w2QO3ZqPdbpaHGVDSnPSVpiyN6TcBTougHC4rPFsHAnAyXaREGiXwRnxXTpvOUfw6JyECgYsA==
  dependencies:
    "@pixi/constants" "5.3.10"
    "@pixi/settings" "5.3.10"
    earcut "^2.1.5"
    eventemitter3 "^3.1.0"
    url "^0.11.0"

colorette@^1.2.2:
  version "1.3.0"
  resolved "https://registry.yarnpkg.com/colorette/-/colorette-1.3.0.tgz#ff45d2f0edb244069d3b772adeb04fed38d0a0af"
  integrity sha512-ecORCqbSFP7Wm8Y6lyqMJjexBQqXSF7SSeaTyGGphogUjBlFP9m9o08wy86HL2uB7fMTxtOUzLMk7ogKcxMg1w==

earcut@^2.1.5:
  version "2.2.3"
  resolved "https://registry.yarnpkg.com/earcut/-/earcut-2.2.3.tgz#d44ced2ff5a18859568e327dd9c7d46b16f55cf4"
  integrity sha512-iRDI1QeCQIhMCZk48DRDMVgQSSBDmbzzNhnxIo+pwx3swkfjMh6vh0nWLq1NdvGHLKH6wIrAM3vQWeTj6qeoug==

es6-promise-polyfill@^1.2.0:
  version "1.2.0"
  resolved "https://registry.yarnpkg.com/es6-promise-polyfill/-/es6-promise-polyfill-1.2.0.tgz#f38925f23cb3e3e8ce6cda8ff774fcebbb090cde"
  integrity sha1-84kl8jyz4+jObNqP93T867sJDN4=

esbuild@^0.12.8:
  version "0.12.19"
  resolved "https://registry.yarnpkg.com/esbuild/-/esbuild-0.12.19.tgz#ab849766705a5093df5acd8ec2f6ba2159a38a6c"
  integrity sha512-5NuT1G6THW7l3fsSCDkcPepn24R0XtyPjKoqKHD8LfhqMXzCdz0mrS9HgO6hIhzVT7zt0T+JGbzCqF5AH8hS9w==

eventemitter3@^3.1.0:
  version "3.1.2"
  resolved "https://registry.yarnpkg.com/eventemitter3/-/eventemitter3-3.1.2.tgz#2d3d48f9c346698fce83a85d7d664e98535df6e7"
  integrity sha512-tvtQIeLVHjDkJYnzf2dgVMxfuSGJeM/7UCG17TT4EumTfNtF+0nebF/4zWOIkCreAbtNqhGEboB6BWrwqNaw4Q==

fsevents@~2.3.2:
  version "2.3.2"
  resolved "https://registry.yarnpkg.com/fsevents/-/fsevents-2.3.2.tgz#8a526f78b8fdf4623b709e0b975c52c24c02fd1a"
  integrity sha512-xiqMQR4xAeHTuB9uWm+fFRcIOgKBMiOBP+eXiyT7jsgVCq1bkVygt00oASowB7EdtpOHaaPgKt812P9ab+DDKA==

function-bind@^1.1.1:
  version "1.1.1"
  resolved "https://registry.yarnpkg.com/function-bind/-/function-bind-1.1.1.tgz#a56899d3ea3c9bab874bb9773b7c5ede92f4895d"
  integrity sha512-yIovAzMX49sF8Yl58fSCWJ5svSLuaibPxXQJFLmBObTuCr0Mf1KiPopGM9NiFjiYBCbfaa2Fh6breQ6ANVTI0A==

has@^1.0.3:
  version "1.0.3"
  resolved "https://registry.yarnpkg.com/has/-/has-1.0.3.tgz#722d7cbfc1f6aa8241f16dd814e011e1f41e8796"
  integrity sha512-f2dvO0VU6Oej7RkWJGrehjbzMAjFp5/VKPp5tTpWIV4JHHZK1/BxbFRtf/siA2SWTe09caDmVtYYzWEIbBS4zw==
  dependencies:
    function-bind "^1.1.1"

is-core-module@^2.2.0:
  version "2.5.0"
  resolved "https://registry.yarnpkg.com/is-core-module/-/is-core-module-2.5.0.tgz#f754843617c70bfd29b7bd87327400cda5c18491"
  integrity sha512-TXCMSDsEHMEEZ6eCA8rwRDbLu55MRGmrctljsBX/2v1d9/GzqHOxW5c5oPSgrUt2vBFXebu9rGqckXGPWOlYpg==
  dependencies:
    has "^1.0.3"

ismobilejs@^1.1.0:
  version "1.1.1"
  resolved "https://registry.yarnpkg.com/ismobilejs/-/ismobilejs-1.1.1.tgz#c56ca0ae8e52b24ca0f22ba5ef3215a2ddbbaa0e"
  integrity sha512-VaFW53yt8QO61k2WJui0dHf4SlL8lxBofUuUmwBo0ljPk0Drz2TiuDW4jo3wDcv41qy/SxrJ+VAzJ/qYqsmzRw==

mini-signals@^1.2.0:
  version "1.2.0"
  resolved "https://registry.yarnpkg.com/mini-signals/-/mini-signals-1.2.0.tgz#45b08013c5fae51a24aa1a935cd317c9ed721d74"
  integrity sha1-RbCAE8X65RokqhqTXNMXye1yHXQ=

nanoid@^3.1.23:
  version "3.1.24"
  resolved "https://registry.yarnpkg.com/nanoid/-/nanoid-3.1.24.tgz#d7ac20215f595c26d314ee5671169a27b609025f"
  integrity sha512-WNhqqgD4qH7TQdU9ujXfFa/hQI5rOGGnZq+JRmz4JwMZFCgSZVquTq3ORUSv6IC+Y41ACBYV8a8J1kPkqGIiQg==

object-assign@^4.1.1:
  version "4.1.1"
  resolved "https://registry.yarnpkg.com/object-assign/-/object-assign-4.1.1.tgz#2109adc7965887cfc05cbbd442cac8bfbb360863"
  integrity sha1-IQmtx5ZYh8/AXLvUQsrIv7s2CGM=

parse-uri@^1.0.0:
  version "1.0.3"
  resolved "https://registry.yarnpkg.com/parse-uri/-/parse-uri-1.0.3.tgz#f3c24a74907a4e357c1741e96ca9faadecfd6db5"
  integrity sha512-upMnGxNcm+45So85HoguwZTVZI9u11i36DdxJfGF2HYWS2eh3TIx7+/tTi7qrEq15qzGkVhsKjesau+kCk48pA==

path-parse@^1.0.6:
  version "1.0.7"
  resolved "https://registry.yarnpkg.com/path-parse/-/path-parse-1.0.7.tgz#fbc114b60ca42b30d9daf5858e4bd68bbedb6735"
  integrity sha512-LDJzPVEEEPR+y48z93A0Ed0yXb8pAByGWo/k5YYdYgpY2/2EsOsksJrq7lOHxryrVOn1ejG6oAp8ahvOIQD8sw==

pixi.js@5.3.10:
  version "5.3.10"
  resolved "https://registry.yarnpkg.com/pixi.js/-/pixi.js-5.3.10.tgz#602a8411690bbc4009561f07b189cb574e53c43f"
  integrity sha512-uyFPos2ORCu2nJK06wr9ocfgHHSgnsCxTwusH6OnqQxZtYymIS6lGeo0Qw3ox2u61oQ+u/VAoqBPCGA772rlGQ==
  dependencies:
    "@pixi/accessibility" "5.3.10"
    "@pixi/app" "5.3.10"
    "@pixi/constants" "5.3.10"
    "@pixi/core" "5.3.10"
    "@pixi/display" "5.3.10"
    "@pixi/extract" "5.3.10"
    "@pixi/filter-alpha" "5.3.10"
    "@pixi/filter-blur" "5.3.10"
    "@pixi/filter-color-matrix" "5.3.10"
    "@pixi/filter-displacement" "5.3.10"
    "@pixi/filter-fxaa" "5.3.10"
    "@pixi/filter-noise" "5.3.10"
    "@pixi/graphics" "5.3.10"
    "@pixi/interaction" "5.3.10"
    "@pixi/loaders" "5.3.10"
    "@pixi/math" "5.3.10"
    "@pixi/mesh" "5.3.10"
    "@pixi/mesh-extras" "5.3.10"
    "@pixi/mixin-cache-as-bitmap" "5.3.10"
    "@pixi/mixin-get-child-by-name" "5.3.10"
    "@pixi/mixin-get-global-position" "5.3.10"
    "@pixi/particles" "5.3.10"
    "@pixi/polyfill" "5.3.10"
    "@pixi/prepare" "5.3.10"
    "@pixi/runner" "5.3.10"
    "@pixi/settings" "5.3.10"
    "@pixi/sprite" "5.3.10"
    "@pixi/sprite-animated" "5.3.10"
    "@pixi/sprite-tiling" "5.3.10"
    "@pixi/spritesheet" "5.3.10"
    "@pixi/text" "5.3.10"
    "@pixi/text-bitmap" "5.3.10"
    "@pixi/ticker" "5.3.10"
    "@pixi/utils" "5.3.10"

postcss@^8.3.6:
  version "8.3.6"
  resolved "https://registry.yarnpkg.com/postcss/-/postcss-8.3.6.tgz#2730dd76a97969f37f53b9a6096197be311cc4ea"
  integrity sha512-wG1cc/JhRgdqB6WHEuyLTedf3KIRuD0hG6ldkFEZNCjRxiC+3i6kkWUUbiJQayP28iwG35cEmAbe98585BYV0A==
  dependencies:
    colorette "^1.2.2"
    nanoid "^3.1.23"
    source-map-js "^0.6.2"

punycode@1.3.2:
  version "1.3.2"
  resolved "https://registry.yarnpkg.com/punycode/-/punycode-1.3.2.tgz#9653a036fb7c1ee42342f2325cceefea3926c48d"
  integrity sha1-llOgNvt8HuQjQvIyXM7v6jkmxI0=

querystring@0.2.0:
  version "0.2.0"
  resolved "https://registry.yarnpkg.com/querystring/-/querystring-0.2.0.tgz#b209849203bb25df820da756e747005878521620"
  integrity sha1-sgmEkgO7Jd+CDadW50cAWHhSFiA=

resolve@^1.20.0:
  version "1.20.0"
  resolved "https://registry.yarnpkg.com/resolve/-/resolve-1.20.0.tgz#629a013fb3f70755d6f0b7935cc1c2c5378b1975"
  integrity sha512-wENBPt4ySzg4ybFQW2TT1zMQucPK95HSh/nq2CFTZVOGut2+pQvSsgtda4d26YrYcr067wjbmzOG8byDPBX63A==
  dependencies:
    is-core-module "^2.2.0"
    path-parse "^1.0.6"

resource-loader@^3.0.1:
  version "3.0.1"
  resolved "https://registry.yarnpkg.com/resource-loader/-/resource-loader-3.0.1.tgz#33355bb5421e2994f59454bbc7f6dbff8df06d47"
  integrity sha512-fBuCRbEHdLCI1eglzQhUv9Rrdcmqkydr1r6uHE2cYHvRBrcLXeSmbE/qI/urFt8rPr/IGxir3BUwM5kUK8XoyA==
  dependencies:
    mini-signals "^1.2.0"
    parse-uri "^1.0.0"

rollup@^2.38.5:
  version "2.56.2"
  resolved "https://registry.yarnpkg.com/rollup/-/rollup-2.56.2.tgz#a045ff3f6af53ee009b5f5016ca3da0329e5470f"
  integrity sha512-s8H00ZsRi29M2/lGdm1u8DJpJ9ML8SUOpVVBd33XNeEeL3NVaTiUcSBHzBdF3eAyR0l7VSpsuoVUGrRHq7aPwQ==
  optionalDependencies:
    fsevents "~2.3.2"

source-map-js@^0.6.2:
  version "0.6.2"
  resolved "https://registry.yarnpkg.com/source-map-js/-/source-map-js-0.6.2.tgz#0bb5de631b41cfbda6cfba8bd05a80efdfd2385e"
  integrity sha512-/3GptzWzu0+0MBQFrDKzw/DvvMTUORvgY6k6jd/VS6iCR4RDTKWH6v6WPwQoUO8667uQEf9Oe38DxAYWY5F/Ug==

typescript@^4.3.2:
  version "4.3.5"
  resolved "https://registry.yarnpkg.com/typescript/-/typescript-4.3.5.tgz#4d1c37cc16e893973c45a06886b7113234f119f4"
  integrity sha512-DqQgihaQ9cUrskJo9kIyW/+g0Vxsk8cDtZ52a3NGh0YNTfpUSArXSohyUGnvbPazEPLu398C0UxmKSOrPumUzA==

url@^0.11.0:
  version "0.11.0"
  resolved "https://registry.yarnpkg.com/url/-/url-0.11.0.tgz#3838e97cfc60521eb73c525a8e55bfdd9e2e28f1"
  integrity sha1-ODjpfPxgUh63PFJajlW/3Z4uKPE=
  dependencies:
    punycode "1.3.2"
    querystring "0.2.0"

vite@^2.4.4:
  version "2.4.4"
  resolved "https://registry.yarnpkg.com/vite/-/vite-2.4.4.tgz#8c402a07ad45f168f6eb5428bead38f3e4363e47"
  integrity sha512-m1wK6pFJKmaYA6AeZIUXyiAgUAAJzVXhIMYCdZUpCaFMGps0v0IlNJtbmPvkUhVEyautalajmnW5X6NboUPsnw==
  dependencies:
    esbuild "^0.12.8"
    postcss "^8.3.6"
    resolve "^1.20.0"
    rollup "^2.38.5"
  optionalDependencies:
    fsevents "~2.3.2"
